// !$*UTF8*$!
{
	archiveVersion = 1;
	classes = {
	};
	objectVersion = 46;
	objects = {

/* Begin PBXBuildFile section */
		3E0036191A8D803500141CCC /* Business.swift in Sources */ = {isa = PBXBuildFile; fileRef = 3E0036181A8D803500141CCC /* Business.swift */; };
		3E00361B1A8DB39200141CCC /* CoreLocation.framework in Frameworks */ = {isa = PBXBuildFile; fileRef = 3E00361A1A8DB39200141CCC /* CoreLocation.framework */; };
		3E057F7D1A8BE4ED007665DE /* FilterViewController.swift in Sources */ = {isa = PBXBuildFile; fileRef = 3E057F7C1A8BE4ED007665DE /* FilterViewController.swift */; };
		3E174CEE1A8AEC81000514C9 /* YelpDetailsViewController.swift in Sources */ = {isa = PBXBuildFile; fileRef = 3E174CED1A8AEC81000514C9 /* YelpDetailsViewController.swift */; };
		3E561F1B1A8AC1D5006F0A30 /* AppDelegate.swift in Sources */ = {isa = PBXBuildFile; fileRef = 3E561F1A1A8AC1D5006F0A30 /* AppDelegate.swift */; };
		3E561F1D1A8AC1D5006F0A30 /* YelpViewController.swift in Sources */ = {isa = PBXBuildFile; fileRef = 3E561F1C1A8AC1D5006F0A30 /* YelpViewController.swift */; };
		3E561F201A8AC1D5006F0A30 /* Main.storyboard in Resources */ = {isa = PBXBuildFile; fileRef = 3E561F1E1A8AC1D5006F0A30 /* Main.storyboard */; };
		3E561F221A8AC1D5006F0A30 /* Images.xcassets in Resources */ = {isa = PBXBuildFile; fileRef = 3E561F211A8AC1D5006F0A30 /* Images.xcassets */; };
		3E561F251A8AC1D5006F0A30 /* LaunchScreen.xib in Resources */ = {isa = PBXBuildFile; fileRef = 3E561F231A8AC1D5006F0A30 /* LaunchScreen.xib */; };
		3E561F311A8AC1D5006F0A30 /* Yelp_CloneTests.swift in Sources */ = {isa = PBXBuildFile; fileRef = 3E561F301A8AC1D5006F0A30 /* Yelp_CloneTests.swift */; };
		3E65DFD31A8E850E00F57D18 /* FilterTableViewCell.swift in Sources */ = {isa = PBXBuildFile; fileRef = 3E65DFD21A8E850E00F57D18 /* FilterTableViewCell.swift */; };
		3E859A0A1A8AC85100CAC07A /* dummy.m in Sources */ = {isa = PBXBuildFile; fileRef = 3E859A091A8AC85100CAC07A /* dummy.m */; };
		3E859A0E1A8ACCA300CAC07A /* YelpCell.swift in Sources */ = {isa = PBXBuildFile; fileRef = 3E859A0D1A8ACCA300CAC07A /* YelpCell.swift */; };
		3E859A121A8AD67500CAC07A /* YelpClient.swift in Sources */ = {isa = PBXBuildFile; fileRef = 3E859A111A8AD67500CAC07A /* YelpClient.swift */; };
		ADC510EC7236FADFBBDD0C9E /* libPods.a in Frameworks */ = {isa = PBXBuildFile; fileRef = EF016869C8B18C085F95AB7B /* libPods.a */; };
/* End PBXBuildFile section */

/* Begin PBXContainerItemProxy section */
		3E561F2B1A8AC1D5006F0A30 /* PBXContainerItemProxy */ = {
			isa = PBXContainerItemProxy;
			containerPortal = 3E561F0D1A8AC1D5006F0A30 /* Project object */;
			proxyType = 1;
			remoteGlobalIDString = 3E561F141A8AC1D5006F0A30;
			remoteInfo = "Yelp-Clone";
		};
/* End PBXContainerItemProxy section */

/* Begin PBXFileReference section */
		25F869EEE9D7C2DB3911D87F /* Pods.debug.xcconfig */ = {isa = PBXFileReference; includeInIndex = 1; lastKnownFileType = text.xcconfig; name = Pods.debug.xcconfig; path = "Pods/Target Support Files/Pods/Pods.debug.xcconfig"; sourceTree = "<group>"; };
		3E0036181A8D803500141CCC /* Business.swift */ = {isa = PBXFileReference; fileEncoding = 4; lastKnownFileType = sourcecode.swift; path = Business.swift; sourceTree = "<group>"; };
		3E00361A1A8DB39200141CCC /* CoreLocation.framework */ = {isa = PBXFileReference; lastKnownFileType = wrapper.framework; name = CoreLocation.framework; path = System/Library/Frameworks/CoreLocation.framework; sourceTree = SDKROOT; };
		3E057F7C1A8BE4ED007665DE /* FilterViewController.swift */ = {isa = PBXFileReference; fileEncoding = 4; lastKnownFileType = sourcecode.swift; path = FilterViewController.swift; sourceTree = "<group>"; };
		3E174CED1A8AEC81000514C9 /* YelpDetailsViewController.swift */ = {isa = PBXFileReference; fileEncoding = 4; lastKnownFileType = sourcecode.swift; path = YelpDetailsViewController.swift; sourceTree = "<group>"; };
		3E561F151A8AC1D5006F0A30 /* Yelp-Clone.app */ = {isa = PBXFileReference; explicitFileType = wrapper.application; includeInIndex = 0; path = "Yelp-Clone.app"; sourceTree = BUILT_PRODUCTS_DIR; };
		3E561F191A8AC1D5006F0A30 /* Info.plist */ = {isa = PBXFileReference; lastKnownFileType = text.plist.xml; path = Info.plist; sourceTree = "<group>"; };
		3E561F1A1A8AC1D5006F0A30 /* AppDelegate.swift */ = {isa = PBXFileReference; lastKnownFileType = sourcecode.swift; path = AppDelegate.swift; sourceTree = "<group>"; };
		3E561F1C1A8AC1D5006F0A30 /* YelpViewController.swift */ = {isa = PBXFileReference; lastKnownFileType = sourcecode.swift; path = YelpViewController.swift; sourceTree = "<group>"; };
		3E561F1F1A8AC1D5006F0A30 /* Base */ = {isa = PBXFileReference; lastKnownFileType = file.storyboard; name = Base; path = Base.lproj/Main.storyboard; sourceTree = "<group>"; };
		3E561F211A8AC1D5006F0A30 /* Images.xcassets */ = {isa = PBXFileReference; lastKnownFileType = folder.assetcatalog; path = Images.xcassets; sourceTree = "<group>"; };
		3E561F241A8AC1D5006F0A30 /* Base */ = {isa = PBXFileReference; lastKnownFileType = file.xib; name = Base; path = Base.lproj/LaunchScreen.xib; sourceTree = "<group>"; };
		3E561F2A1A8AC1D5006F0A30 /* Yelp-CloneTests.xctest */ = {isa = PBXFileReference; explicitFileType = wrapper.cfbundle; includeInIndex = 0; path = "Yelp-CloneTests.xctest"; sourceTree = BUILT_PRODUCTS_DIR; };
		3E561F2F1A8AC1D5006F0A30 /* Info.plist */ = {isa = PBXFileReference; lastKnownFileType = text.plist.xml; path = Info.plist; sourceTree = "<group>"; };
		3E561F301A8AC1D5006F0A30 /* Yelp_CloneTests.swift */ = {isa = PBXFileReference; lastKnownFileType = sourcecode.swift; path = Yelp_CloneTests.swift; sourceTree = "<group>"; };
		3E65DFD21A8E850E00F57D18 /* FilterTableViewCell.swift */ = {isa = PBXFileReference; fileEncoding = 4; lastKnownFileType = sourcecode.swift; path = FilterTableViewCell.swift; sourceTree = "<group>"; };
		3E859A081A8AC85000CAC07A /* Yelp-Clone-Bridging-Header.h */ = {isa = PBXFileReference; lastKnownFileType = sourcecode.c.h; path = "Yelp-Clone-Bridging-Header.h"; sourceTree = SOURCE_ROOT; };
		3E859A091A8AC85100CAC07A /* dummy.m */ = {isa = PBXFileReference; fileEncoding = 4; lastKnownFileType = sourcecode.c.objc; name = dummy.m; path = ../dummy.m; sourceTree = "<group>"; };
		3E859A0D1A8ACCA300CAC07A /* YelpCell.swift */ = {isa = PBXFileReference; fileEncoding = 4; lastKnownFileType = sourcecode.swift; path = YelpCell.swift; sourceTree = "<group>"; };
		3E859A111A8AD67500CAC07A /* YelpClient.swift */ = {isa = PBXFileReference; fileEncoding = 4; lastKnownFileType = sourcecode.swift; path = YelpClient.swift; sourceTree = "<group>"; };
		A564B6B68F4489F66B2067A5 /* Pods.release.xcconfig */ = {isa = PBXFileReference; includeInIndex = 1; lastKnownFileType = text.xcconfig; name = Pods.release.xcconfig; path = "Pods/Target Support Files/Pods/Pods.release.xcconfig"; sourceTree = "<group>"; };
		EF016869C8B18C085F95AB7B /* libPods.a */ = {isa = PBXFileReference; explicitFileType = archive.ar; includeInIndex = 0; path = libPods.a; sourceTree = BUILT_PRODUCTS_DIR; };
/* End PBXFileReference section */

/* Begin PBXFrameworksBuildPhase section */
		3E561F121A8AC1D5006F0A30 /* Frameworks */ = {
			isa = PBXFrameworksBuildPhase;
			buildActionMask = 2147483647;
			files = (
				3E00361B1A8DB39200141CCC /* CoreLocation.framework in Frameworks */,
				ADC510EC7236FADFBBDD0C9E /* libPods.a in Frameworks */,
			);
			runOnlyForDeploymentPostprocessing = 0;
		};
		3E561F271A8AC1D5006F0A30 /* Frameworks */ = {
			isa = PBXFrameworksBuildPhase;
			buildActionMask = 2147483647;
			files = (
			);
			runOnlyForDeploymentPostprocessing = 0;
		};
/* End PBXFrameworksBuildPhase section */

/* Begin PBXGroup section */
		2851BA5BA4EE93136C7F0B67 /* Frameworks */ = {
			isa = PBXGroup;
			children = (
				3E00361A1A8DB39200141CCC /* CoreLocation.framework */,
				EF016869C8B18C085F95AB7B /* libPods.a */,
			);
			name = Frameworks;
			sourceTree = "<group>";
		};
		3E0036171A8D802000141CCC /* Models */ = {
			isa = PBXGroup;
			children = (
				3E0036181A8D803500141CCC /* Business.swift */,
			);
			name = Models;
			sourceTree = "<group>";
		};
		3E057F7E1A8BEC4E007665DE /* ViewControllers */ = {
			isa = PBXGroup;
			children = (
				3E057F7C1A8BE4ED007665DE /* FilterViewController.swift */,
				3E174CED1A8AEC81000514C9 /* YelpDetailsViewController.swift */,
				3E561F1C1A8AC1D5006F0A30 /* YelpViewController.swift */,
			);
			name = ViewControllers;
			sourceTree = "<group>";
		};
		3E057F7F1A8BECB6007665DE /* API */ = {
			isa = PBXGroup;
			children = (
				3E859A111A8AD67500CAC07A /* YelpClient.swift */,
			);
			name = API;
			sourceTree = "<group>";
		};
		3E561F0C1A8AC1D5006F0A30 = {
			isa = PBXGroup;
			children = (
				3E561F171A8AC1D5006F0A30 /* Yelp-Clone */,
				3E561F2D1A8AC1D5006F0A30 /* Yelp-CloneTests */,
				3E561F161A8AC1D5006F0A30 /* Products */,
				6D619D4A8F1EE6C2648E2928 /* Pods */,
				2851BA5BA4EE93136C7F0B67 /* Frameworks */,
			);
			sourceTree = "<group>";
		};
		3E561F161A8AC1D5006F0A30 /* Products */ = {
			isa = PBXGroup;
			children = (
				3E561F151A8AC1D5006F0A30 /* Yelp-Clone.app */,
				3E561F2A1A8AC1D5006F0A30 /* Yelp-CloneTests.xctest */,
			);
			name = Products;
			sourceTree = "<group>";
		};
		3E561F171A8AC1D5006F0A30 /* Yelp-Clone */ = {
			isa = PBXGroup;
			children = (
				3E65DFD11A8E84B500F57D18 /* Cells */,
				3E0036171A8D802000141CCC /* Models */,
				3E057F7F1A8BECB6007665DE /* API */,
				3E057F7E1A8BEC4E007665DE /* ViewControllers */,
				3E859A081A8AC85000CAC07A /* Yelp-Clone-Bridging-Header.h */,
				3E859A091A8AC85100CAC07A /* dummy.m */,
				3E561F1A1A8AC1D5006F0A30 /* AppDelegate.swift */,
				3E561F1E1A8AC1D5006F0A30 /* Main.storyboard */,
				3E561F211A8AC1D5006F0A30 /* Images.xcassets */,
				3E561F231A8AC1D5006F0A30 /* LaunchScreen.xib */,
				3E561F181A8AC1D5006F0A30 /* Supporting Files */,
			);
			path = "Yelp-Clone";
			sourceTree = "<group>";
		};
		3E561F181A8AC1D5006F0A30 /* Supporting Files */ = {
			isa = PBXGroup;
			children = (
				3E561F191A8AC1D5006F0A30 /* Info.plist */,
			);
			name = "Supporting Files";
			sourceTree = "<group>";
		};
		3E561F2D1A8AC1D5006F0A30 /* Yelp-CloneTests */ = {
			isa = PBXGroup;
			children = (
				3E561F301A8AC1D5006F0A30 /* Yelp_CloneTests.swift */,
				3E561F2E1A8AC1D5006F0A30 /* Supporting Files */,
			);
			path = "Yelp-CloneTests";
			sourceTree = "<group>";
		};
		3E561F2E1A8AC1D5006F0A30 /* Supporting Files */ = {
			isa = PBXGroup;
			children = (
				3E561F2F1A8AC1D5006F0A30 /* Info.plist */,
			);
			name = "Supporting Files";
			sourceTree = "<group>";
		};
		3E65DFD11A8E84B500F57D18 /* Cells */ = {
			isa = PBXGroup;
			children = (
				3E859A0D1A8ACCA300CAC07A /* YelpCell.swift */,
				3E65DFD21A8E850E00F57D18 /* FilterTableViewCell.swift */,
			);
			name = Cells;
			sourceTree = "<group>";
		};
		6D619D4A8F1EE6C2648E2928 /* Pods */ = {
			isa = PBXGroup;
			children = (
				25F869EEE9D7C2DB3911D87F /* Pods.debug.xcconfig */,
				A564B6B68F4489F66B2067A5 /* Pods.release.xcconfig */,
			);
			name = Pods;
			sourceTree = "<group>";
		};
/* End PBXGroup section */

/* Begin PBXNativeTarget section */
		3E561F141A8AC1D5006F0A30 /* Yelp-Clone */ = {
			isa = PBXNativeTarget;
			buildConfigurationList = 3E561F341A8AC1D5006F0A30 /* Build configuration list for PBXNativeTarget "Yelp-Clone" */;
			buildPhases = (
				E1C1B1C156B9C72BF5DF7228 /* Check Pods Manifest.lock */,
				3E561F111A8AC1D5006F0A30 /* Sources */,
				3E561F121A8AC1D5006F0A30 /* Frameworks */,
				3E561F131A8AC1D5006F0A30 /* Resources */,
				EFB6CA950B9D147E6B7D929B /* Copy Pods Resources */,
			);
			buildRules = (
			);
			dependencies = (
			);
			name = "Yelp-Clone";
			productName = "Yelp-Clone";
			productReference = 3E561F151A8AC1D5006F0A30 /* Yelp-Clone.app */;
			productType = "com.apple.product-type.application";
		};
		3E561F291A8AC1D5006F0A30 /* Yelp-CloneTests */ = {
			isa = PBXNativeTarget;
			buildConfigurationList = 3E561F371A8AC1D5006F0A30 /* Build configuration list for PBXNativeTarget "Yelp-CloneTests" */;
			buildPhases = (
				3E561F261A8AC1D5006F0A30 /* Sources */,
				3E561F271A8AC1D5006F0A30 /* Frameworks */,
				3E561F281A8AC1D5006F0A30 /* Resources */,
			);
			buildRules = (
			);
			dependencies = (
				3E561F2C1A8AC1D5006F0A30 /* PBXTargetDependency */,
			);
			name = "Yelp-CloneTests";
			productName = "Yelp-CloneTests";
			productReference = 3E561F2A1A8AC1D5006F0A30 /* Yelp-CloneTests.xctest */;
			productType = "com.apple.product-type.bundle.unit-test";
		};
/* End PBXNativeTarget section */

/* Begin PBXProject section */
		3E561F0D1A8AC1D5006F0A30 /* Project object */ = {
			isa = PBXProject;
			attributes = {
				LastUpgradeCheck = 0610;
				ORGANIZATIONNAME = "Rachel Thomas";
				TargetAttributes = {
					3E561F141A8AC1D5006F0A30 = {
						CreatedOnToolsVersion = 6.1.1;
					};
					3E561F291A8AC1D5006F0A30 = {
						CreatedOnToolsVersion = 6.1.1;
						TestTargetID = 3E561F141A8AC1D5006F0A30;
					};
				};
			};
			buildConfigurationList = 3E561F101A8AC1D5006F0A30 /* Build configuration list for PBXProject "Yelp-Clone" */;
			compatibilityVersion = "Xcode 3.2";
			developmentRegion = English;
			hasScannedForEncodings = 0;
			knownRegions = (
				en,
				Base,
			);
			mainGroup = 3E561F0C1A8AC1D5006F0A30;
			productRefGroup = 3E561F161A8AC1D5006F0A30 /* Products */;
			projectDirPath = "";
			projectRoot = "";
			targets = (
				3E561F141A8AC1D5006F0A30 /* Yelp-Clone */,
				3E561F291A8AC1D5006F0A30 /* Yelp-CloneTests */,
			);
		};
/* End PBXProject section */

/* Begin PBXResourcesBuildPhase section */
		3E561F131A8AC1D5006F0A30 /* Resources */ = {
			isa = PBXResourcesBuildPhase;
			buildActionMask = 2147483647;
			files = (
				3E561F201A8AC1D5006F0A30 /* Main.storyboard in Resources */,
				3E561F251A8AC1D5006F0A30 /* LaunchScreen.xib in Resources */,
				3E561F221A8AC1D5006F0A30 /* Images.xcassets in Resources */,
			);
			runOnlyForDeploymentPostprocessing = 0;
		};
		3E561F281A8AC1D5006F0A30 /* Resources */ = {
			isa = PBXResourcesBuildPhase;
			buildActionMask = 2147483647;
			files = (
			);
			runOnlyForDeploymentPostprocessing = 0;
		};
/* End PBXResourcesBuildPhase section */

/* Begin PBXShellScriptBuildPhase section */
		E1C1B1C156B9C72BF5DF7228 /* Check Pods Manifest.lock */ = {
			isa = PBXShellScriptBuildPhase;
			buildActionMask = 2147483647;
			files = (
			);
			inputPaths = (
			);
			name = "Check Pods Manifest.lock";
			outputPaths = (
			);
			runOnlyForDeploymentPostprocessing = 0;
			shellPath = /bin/sh;
			shellScript = "diff \"${PODS_ROOT}/../Podfile.lock\" \"${PODS_ROOT}/Manifest.lock\" > /dev/null\nif [[ $? != 0 ]] ; then\n    cat << EOM\nerror: The sandbox is not in sync with the Podfile.lock. Run 'pod install' or update your CocoaPods installation.\nEOM\n    exit 1\nfi\n";
			showEnvVarsInLog = 0;
		};
		EFB6CA950B9D147E6B7D929B /* Copy Pods Resources */ = {
			isa = PBXShellScriptBuildPhase;
			buildActionMask = 2147483647;
			files = (
			);
			inputPaths = (
			);
			name = "Copy Pods Resources";
			outputPaths = (
			);
			runOnlyForDeploymentPostprocessing = 0;
			shellPath = /bin/sh;
			shellScript = "\"${SRCROOT}/Pods/Target Support Files/Pods/Pods-resources.sh\"\n";
			showEnvVarsInLog = 0;
		};
/* End PBXShellScriptBuildPhase section */

/* Begin PBXSourcesBuildPhase section */
		3E561F111A8AC1D5006F0A30 /* Sources */ = {
			isa = PBXSourcesBuildPhase;
			buildActionMask = 2147483647;
			files = (
				3E65DFD31A8E850E00F57D18 /* FilterTableViewCell.swift in Sources */,
				3E057F7D1A8BE4ED007665DE /* FilterViewController.swift in Sources */,
				3E859A121A8AD67500CAC07A /* YelpClient.swift in Sources */,
				3E859A0A1A8AC85100CAC07A /* dummy.m in Sources */,
				3E561F1D1A8AC1D5006F0A30 /* YelpViewController.swift in Sources */,
				3E174CEE1A8AEC81000514C9 /* YelpDetailsViewController.swift in Sources */,
				3E0036191A8D803500141CCC /* Business.swift in Sources */,
				3E561F1B1A8AC1D5006F0A30 /* AppDelegate.swift in Sources */,
				3E859A0E1A8ACCA300CAC07A /* YelpCell.swift in Sources */,
			);
			runOnlyForDeploymentPostprocessing = 0;
		};
		3E561F261A8AC1D5006F0A30 /* Sources */ = {
			isa = PBXSourcesBuildPhase;
			buildActionMask = 2147483647;
			files = (
				3E561F311A8AC1D5006F0A30 /* Yelp_CloneTests.swift in Sources */,
			);
			runOnlyForDeploymentPostprocessing = 0;
		};
/* End PBXSourcesBuildPhase section */

/* Begin PBXTargetDependency section */
		3E561F2C1A8AC1D5006F0A30 /* PBXTargetDependency */ = {
			isa = PBXTargetDependency;
			target = 3E561F141A8AC1D5006F0A30 /* Yelp-Clone */;
			targetProxy = 3E561F2B1A8AC1D5006F0A30 /* PBXContainerItemProxy */;
		};
/* End PBXTargetDependency section */

/* Begin PBXVariantGroup section */
		3E561F1E1A8AC1D5006F0A30 /* Main.storyboard */ = {
			isa = PBXVariantGroup;
			children = (
				3E561F1F1A8AC1D5006F0A30 /* Base */,
			);
			name = Main.storyboard;
			sourceTree = "<group>";
		};
		3E561F231A8AC1D5006F0A30 /* LaunchScreen.xib */ = {
			isa = PBXVariantGroup;
			children = (
				3E561F241A8AC1D5006F0A30 /* Base */,
			);
			name = LaunchScreen.xib;
			sourceTree = "<group>";
		};
/* End PBXVariantGroup section */

/* Begin XCBuildConfiguration section */
		3E561F321A8AC1D5006F0A30 /* Debug */ = {
			isa = XCBuildConfiguration;
			buildSettings = {
				ALWAYS_SEARCH_USER_PATHS = NO;
				CLANG_CXX_LANGUAGE_STANDARD = "gnu++0x";
				CLANG_CXX_LIBRARY = "libc++";
				CLANG_ENABLE_MODULES = YES;
				CLANG_ENABLE_OBJC_ARC = YES;
				CLANG_WARN_BOOL_CONVERSION = YES;
				CLANG_WARN_CONSTANT_CONVERSION = YES;
				CLANG_WARN_DIRECT_OBJC_ISA_USAGE = YES_ERROR;
				CLANG_WARN_EMPTY_BODY = YES;
				CLANG_WARN_ENUM_CONVERSION = YES;
				CLANG_WARN_INT_CONVERSION = YES;
				CLANG_WARN_OBJC_ROOT_CLASS = YES_ERROR;
				CLANG_WARN_UNREACHABLE_CODE = YES;
				CLANG_WARN__DUPLICATE_METHOD_MATCH = YES;
				"CODE_SIGN_IDENTITY[sdk=iphoneos*]" = "iPhone Developer";
				COPY_PHASE_STRIP = NO;
				ENABLE_STRICT_OBJC_MSGSEND = YES;
				GCC_C_LANGUAGE_STANDARD = gnu99;
				GCC_DYNAMIC_NO_PIC = NO;
				GCC_OPTIMIZATION_LEVEL = 0;
				GCC_PREPROCESSOR_DEFINITIONS = (
					"DEBUG=1",
					"$(inherited)",
				);
				GCC_SYMBOLS_PRIVATE_EXTERN = NO;
				GCC_WARN_64_TO_32_BIT_CONVERSION = YES;
				GCC_WARN_ABOUT_RETURN_TYPE = YES_ERROR;
				GCC_WARN_UNDECLARED_SELECTOR = YES;
				GCC_WARN_UNINITIALIZED_AUTOS = YES_AGGRESSIVE;
				GCC_WARN_UNUSED_FUNCTION = YES;
				GCC_WARN_UNUSED_VARIABLE = YES;
				IPHONEOS_DEPLOYMENT_TARGET = 8.1;
				MTL_ENABLE_DEBUG_INFO = YES;
				ONLY_ACTIVE_ARCH = YES;
				SDKROOT = iphoneos;
				SWIFT_OPTIMIZATION_LEVEL = "-Onone";
			};
			name = Debug;
		};
		3E561F331A8AC1D5006F0A30 /* Release */ = {
			isa = XCBuildConfiguration;
			buildSettings = {
				ALWAYS_SEARCH_USER_PATHS = NO;
				CLANG_CXX_LANGUAGE_STANDARD = "gnu++0x";
				CLANG_CXX_LIBRARY = "libc++";
				CLANG_ENABLE_MODULES = YES;
				CLANG_ENABLE_OBJC_ARC = YES;
				CLANG_WARN_BOOL_CONVERSION = YES;
				CLANG_WARN_CONSTANT_CONVERSION = YES;
				CLANG_WARN_DIRECT_OBJC_ISA_USAGE = YES_ERROR;
				CLANG_WARN_EMPTY_BODY = YES;
				CLANG_WARN_ENUM_CONVERSION = YES;
				CLANG_WARN_INT_CONVERSION = YES;
				CLANG_WARN_OBJC_ROOT_CLASS = YES_ERROR;
				CLANG_WARN_UNREACHABLE_CODE = YES;
				CLANG_WARN__DUPLICATE_METHOD_MATCH = YES;
				"CODE_SIGN_IDENTITY[sdk=iphoneos*]" = "iPhone Developer";
				COPY_PHASE_STRIP = YES;
				ENABLE_NS_ASSERTIONS = NO;
				ENABLE_STRICT_OBJC_MSGSEND = YES;
				GCC_C_LANGUAGE_STANDARD = gnu99;
				GCC_WARN_64_TO_32_BIT_CONVERSION = YES;
				GCC_WARN_ABOUT_RETURN_TYPE = YES_ERROR;
				GCC_WARN_UNDECLARED_SELECTOR = YES;
				GCC_WARN_UNINITIALIZED_AUTOS = YES_AGGRESSIVE;
				GCC_WARN_UNUSED_FUNCTION = YES;
				GCC_WARN_UNUSED_VARIABLE = YES;
				IPHONEOS_DEPLOYMENT_TARGET = 8.1;
				MTL_ENABLE_DEBUG_INFO = NO;
				SDKROOT = iphoneos;
				VALIDATE_PRODUCT = YES;
			};
			name = Release;
		};
		3E561F351A8AC1D5006F0A30 /* Debug */ = {
			isa = XCBuildConfiguration;
			baseConfigurationReference = 25F869EEE9D7C2DB3911D87F /* Pods.debug.xcconfig */;
			buildSettings = {
				ASSETCATALOG_COMPILER_APPICON_NAME = AppIcon;
				CLANG_ENABLE_MODULES = YES;
				INFOPLIST_FILE = "Yelp-Clone/Info.plist";
				LD_RUNPATH_SEARCH_PATHS = "$(inherited) @executable_path/Frameworks";
				PRODUCT_NAME = "$(TARGET_NAME)";
				SWIFT_OBJC_BRIDGING_HEADER = "Yelp-Clone-Bridging-Header.h";
				SWIFT_OPTIMIZATION_LEVEL = "-Onone";
			};
			name = Debug;
		};
		3E561F361A8AC1D5006F0A30 /* Release */ = {
			isa = XCBuildConfiguration;
			baseConfigurationReference = A564B6B68F4489F66B2067A5 /* Pods.release.xcconfig */;
			buildSettings = {
				ASSETCATALOG_COMPILER_APPICON_NAME = AppIcon;
				CLANG_ENABLE_MODULES = YES;
				INFOPLIST_FILE = "Yelp-Clone/Info.plist";
				LD_RUNPATH_SEARCH_PATHS = "$(inherited) @executable_path/Frameworks";
				PRODUCT_NAME = "$(TARGET_NAME)";
				SWIFT_OBJC_BRIDGING_HEADER = "Yelp-Clone-Bridging-Header.h";
			};
			name = Release;
		};
		3E561F381A8AC1D5006F0A30 /* Debug */ = {
			isa = XCBuildConfiguration;
			buildSettings = {
				BUNDLE_LOADER = "$(TEST_HOST)";
				FRAMEWORK_SEARCH_PATHS = (
					"$(SDKROOT)/Developer/Library/Frameworks",
					"$(inherited)",
				);
				GCC_PREPROCESSOR_DEFINITIONS = (
					"DEBUG=1",
					"$(inherited)",
				);
				INFOPLIST_FILE = "Yelp-CloneTests/Info.plist";
				LD_RUNPATH_SEARCH_PATHS = "$(inherited) @executable_path/Frameworks @loader_path/Frameworks";
				PRODUCT_NAME = "$(TARGET_NAME)";
				TEST_HOST = "$(BUILT_PRODUCTS_DIR)/Yelp-Clone.app/Yelp-Clone";
			};
			name = Debug;
		};
		3E561F391A8AC1D5006F0A30 /* Release */ = {
			isa = XCBuildConfiguration;
			buildSettings = {
				BUNDLE_LOADER = "$(TEST_HOST)";
				FRAMEWORK_SEARCH_PATHS = (
					"$(SDKROOT)/Developer/Library/Frameworks",
					"$(inherited)",
				);
				INFOPLIST_FILE = "Yelp-CloneTests/Info.plist";
				LD_RUNPATH_SEARCH_PATHS = "$(inherited) @executable_path/Frameworks @loader_path/Frameworks";
				PRODUCT_NAME = "$(TARGET_NAME)";
				TEST_HOST = "$(BUILT_PRODUCTS_DIR)/Yelp-Clone.app/Yelp-Clone";
			};
			name = Release;
		};
/* End XCBuildConfiguration section */

/* Begin XCConfigurationList section */
		3E561F101A8AC1D5006F0A30 /* Build configuration list for PBXProject "Yelp-Clone" */ = {
			isa = XCConfigurationList;
			buildConfigurations = (
				3E561F321A8AC1D5006F0A30 /* Debug */,
				3E561F331A8AC1D5006F0A30 /* Release */,
			);
			defaultConfigurationIsVisible = 0;
			defaultConfigurationName = Release;
		};
		3E561F341A8AC1D5006F0A30 /* Build configuration list for PBXNativeTarget "Yelp-Clone" */ = {
			isa = XCConfigurationList;
			buildConfigurations = (
				3E561F351A8AC1D5006F0A30 /* Debug */,
				3E561F361A8AC1D5006F0A30 /* Release */,
			);
			defaultConfigurationIsVisible = 0;
			defaultConfigurationName = Release;
		};
		3E561F371A8AC1D5006F0A30 /* Build configuration list for PBXNativeTarget "Yelp-CloneTests" */ = {
			isa = XCConfigurationList;
			buildConfigurations = (
				3E561F381A8AC1D5006F0A30 /* Debug */,
				3E561F391A8AC1D5006F0A30 /* Release */,
			);
			defaultConfigurationIsVisible = 0;
			defaultConfigurationName = Release;
		};
/* End XCConfigurationList section */
	};
	rootObject = 3E561F0D1A8AC1D5006F0A30 /* Project object */;
}
